// !$*UTF8*$!
{
	archiveVersion = 1;
	classes = {
	};
	objectVersion = 46;
	objects = {

/* Begin PBXBuildFile section */
		8B74CFB71E9823D8002ED3EB /* AppDelegate.swift in Sources */ = {isa = PBXBuildFile; fileRef = 8B74CFB61E9823D8002ED3EB /* AppDelegate.swift */; };
		8B74CFBC1E9823D8002ED3EB /* Main.storyboard in Resources */ = {isa = PBXBuildFile; fileRef = 8B74CFBA1E9823D8002ED3EB /* Main.storyboard */; };
		8B74CFBE1E9823D8002ED3EB /* Assets.xcassets in Resources */ = {isa = PBXBuildFile; fileRef = 8B74CFBD1E9823D8002ED3EB /* Assets.xcassets */; };
		8B74CFC11E9823D8002ED3EB /* LaunchScreen.storyboard in Resources */ = {isa = PBXBuildFile; fileRef = 8B74CFBF1E9823D8002ED3EB /* LaunchScreen.storyboard */; };
		8B74CFC91E98241A002ED3EB /* TableViewController.swift in Sources */ = {isa = PBXBuildFile; fileRef = 8B74CFC81E98241A002ED3EB /* TableViewController.swift */; };
		8B74CFF91E982BEB002ED3EB /* Convertible+JSON.swift in Sources */ = {isa = PBXBuildFile; fileRef = 8B74CFF71E982BEB002ED3EB /* Convertible+JSON.swift */; };
		8B74CFFA1E982BEB002ED3EB /* Convertible.swift in Sources */ = {isa = PBXBuildFile; fileRef = 8B74CFF81E982BEB002ED3EB /* Convertible.swift */; };
		8B74D0021E982BF6002ED3EB /* DataSource.swift in Sources */ = {isa = PBXBuildFile; fileRef = 8B74CFFE1E982BF6002ED3EB /* DataSource.swift */; };
		8B74D0031E982BF6002ED3EB /* Models.swift in Sources */ = {isa = PBXBuildFile; fileRef = 8B74CFFF1E982BF6002ED3EB /* Models.swift */; };
/* End PBXBuildFile section */

/* Begin PBXCopyFilesBuildPhase section */
		8B74CFF41E9827F6002ED3EB /* Embed Frameworks */ = {
			isa = PBXCopyFilesBuildPhase;
			buildActionMask = 2147483647;
			dstPath = "";
			dstSubfolderSpec = 10;
			files = (
			);
			name = "Embed Frameworks";
			runOnlyForDeploymentPostprocessing = 0;
		};
/* End PBXCopyFilesBuildPhase section */

/* Begin PBXFileReference section */
		8B74CFB31E9823D8002ED3EB /* ConvertibleExample.app */ = {isa = PBXFileReference; explicitFileType = wrapper.application; includeInIndex = 0; path = ConvertibleExample.app; sourceTree = BUILT_PRODUCTS_DIR; };
		8B74CFB61E9823D8002ED3EB /* AppDelegate.swift */ = {isa = PBXFileReference; lastKnownFileType = sourcecode.swift; path = AppDelegate.swift; sourceTree = "<group>"; };
		8B74CFBB1E9823D8002ED3EB /* Base */ = {isa = PBXFileReference; lastKnownFileType = file.storyboard; name = Base; path = Base.lproj/Main.storyboard; sourceTree = "<group>"; };
		8B74CFBD1E9823D8002ED3EB /* Assets.xcassets */ = {isa = PBXFileReference; lastKnownFileType = folder.assetcatalog; path = Assets.xcassets; sourceTree = "<group>"; };
		8B74CFC01E9823D8002ED3EB /* Base */ = {isa = PBXFileReference; lastKnownFileType = file.storyboard; name = Base; path = Base.lproj/LaunchScreen.storyboard; sourceTree = "<group>"; };
		8B74CFC21E9823D8002ED3EB /* Info.plist */ = {isa = PBXFileReference; lastKnownFileType = text.plist.xml; path = Info.plist; sourceTree = "<group>"; };
		8B74CFC81E98241A002ED3EB /* TableViewController.swift */ = {isa = PBXFileReference; fileEncoding = 4; lastKnownFileType = sourcecode.swift; path = TableViewController.swift; sourceTree = "<group>"; };
		8B74CFF71E982BEB002ED3EB /* Convertible+JSON.swift */ = {isa = PBXFileReference; fileEncoding = 4; lastKnownFileType = sourcecode.swift; path = "Convertible+JSON.swift"; sourceTree = "<group>"; };
		8B74CFF81E982BEB002ED3EB /* Convertible.swift */ = {isa = PBXFileReference; fileEncoding = 4; lastKnownFileType = sourcecode.swift; path = Convertible.swift; sourceTree = "<group>"; };
		8B74CFFE1E982BF6002ED3EB /* DataSource.swift */ = {isa = PBXFileReference; fileEncoding = 4; lastKnownFileType = sourcecode.swift; path = DataSource.swift; sourceTree = "<group>"; };
		8B74CFFF1E982BF6002ED3EB /* Models.swift */ = {isa = PBXFileReference; fileEncoding = 4; lastKnownFileType = sourcecode.swift; path = Models.swift; sourceTree = "<group>"; };
/* End PBXFileReference section */

/* Begin PBXFrameworksBuildPhase section */
		8B74CFB01E9823D8002ED3EB /* Frameworks */ = {
			isa = PBXFrameworksBuildPhase;
			buildActionMask = 2147483647;
			files = (
			);
			runOnlyForDeploymentPostprocessing = 0;
		};
/* End PBXFrameworksBuildPhase section */

/* Begin PBXGroup section */
		8B74CFAA1E9823D8002ED3EB = {
			isa = PBXGroup;
			children = (
				8B74CFB51E9823D8002ED3EB /* ConvertibleExample */,
				8B74CFB41E9823D8002ED3EB /* Products */,
			);
			sourceTree = "<group>";
		};
		8B74CFB41E9823D8002ED3EB /* Products */ = {
			isa = PBXGroup;
			children = (
				8B74CFB31E9823D8002ED3EB /* ConvertibleExample.app */,
			);
			name = Products;
			sourceTree = "<group>";
		};
		8B74CFB51E9823D8002ED3EB /* ConvertibleExample */ = {
			isa = PBXGroup;
			children = (
				8B74CFF51E982BDB002ED3EB /* Convertible */,
				8B74CFB61E9823D8002ED3EB /* AppDelegate.swift */,
				8B74CFC81E98241A002ED3EB /* TableViewController.swift */,
				8B74CFBA1E9823D8002ED3EB /* Main.storyboard */,
				8B74CFBD1E9823D8002ED3EB /* Assets.xcassets */,
				8B74CFBF1E9823D8002ED3EB /* LaunchScreen.storyboard */,
				8B74CFC21E9823D8002ED3EB /* Info.plist */,
			);
			path = ConvertibleExample;
			sourceTree = "<group>";
		};
		8B74CFF51E982BDB002ED3EB /* Convertible */ = {
			isa = PBXGroup;
			children = (
				8B74CFF61E982BEB002ED3EB /* Sources */,
				8B74CFFB1E982BF6002ED3EB /* Tests */,
			);
			name = Convertible;
			sourceTree = "<group>";
		};
		8B74CFF61E982BEB002ED3EB /* Sources */ = {
			isa = PBXGroup;
			children = (
				8B74CFF71E982BEB002ED3EB /* Convertible+JSON.swift */,
				8B74CFF81E982BEB002ED3EB /* Convertible.swift */,
			);
			name = Sources;
			path = ../../Sources;
			sourceTree = "<group>";
		};
		8B74CFFB1E982BF6002ED3EB /* Tests */ = {
			isa = PBXGroup;
			children = (
				8B74CFFC1E982BF6002ED3EB /* ConvertibleTests */,
			);
			name = Tests;
			path = ../../Tests;
			sourceTree = "<group>";
		};
		8B74CFFC1E982BF6002ED3EB /* ConvertibleTests */ = {
			isa = PBXGroup;
			children = (
				8B74CFFE1E982BF6002ED3EB /* DataSource.swift */,
				8B74CFFF1E982BF6002ED3EB /* Models.swift */,
			);
			path = ConvertibleTests;
			sourceTree = "<group>";
		};
/* End PBXGroup section */

/* Begin PBXNativeTarget section */
		8B74CFB21E9823D8002ED3EB /* ConvertibleExample */ = {
			isa = PBXNativeTarget;
			buildConfigurationList = 8B74CFC51E9823D8002ED3EB /* Build configuration list for PBXNativeTarget "ConvertibleExample" */;
			buildPhases = (
				8B74CFAF1E9823D8002ED3EB /* Sources */,
				8B74CFB01E9823D8002ED3EB /* Frameworks */,
				8B74CFB11E9823D8002ED3EB /* Resources */,
				8B74CFF41E9827F6002ED3EB /* Embed Frameworks */,
			);
			buildRules = (
			);
			dependencies = (
			);
			name = ConvertibleExample;
			productName = ConvertibleExample;
			productReference = 8B74CFB31E9823D8002ED3EB /* ConvertibleExample.app */;
			productType = "com.apple.product-type.application";
		};
/* End PBXNativeTarget section */

/* Begin PBXProject section */
		8B74CFAB1E9823D8002ED3EB /* Project object */ = {
			isa = PBXProject;
			attributes = {
				LastSwiftUpdateCheck = 0830;
				LastUpgradeCheck = 0830;
				ORGANIZATIONNAME = AE;
				TargetAttributes = {
					8B74CFB21E9823D8002ED3EB = {
						CreatedOnToolsVersion = 8.3;
						DevelopmentTeam = VL46Q749LJ;
						ProvisioningStyle = Automatic;
					};
				};
			};
			buildConfigurationList = 8B74CFAE1E9823D8002ED3EB /* Build configuration list for PBXProject "ConvertibleExample" */;
			compatibilityVersion = "Xcode 3.2";
			developmentRegion = English;
			hasScannedForEncodings = 0;
			knownRegions = (
				en,
				Base,
			);
			mainGroup = 8B74CFAA1E9823D8002ED3EB;
			productRefGroup = 8B74CFB41E9823D8002ED3EB /* Products */;
			projectDirPath = "";
			projectRoot = "";
			targets = (
				8B74CFB21E9823D8002ED3EB /* ConvertibleExample */,
			);
		};
/* End PBXProject section */

/* Begin PBXResourcesBuildPhase section */
		8B74CFB11E9823D8002ED3EB /* Resources */ = {
			isa = PBXResourcesBuildPhase;
			buildActionMask = 2147483647;
			files = (
				8B74CFC11E9823D8002ED3EB /* LaunchScreen.storyboard in Resources */,
				8B74CFBE1E9823D8002ED3EB /* Assets.xcassets in Resources */,
				8B74CFBC1E9823D8002ED3EB /* Main.storyboard in Resources */,
			);
			runOnlyForDeploymentPostprocessing = 0;
		};
/* End PBXResourcesBuildPhase section */

/* Begin PBXSourcesBuildPhase section */
		8B74CFAF1E9823D8002ED3EB /* Sources */ = {
			isa = PBXSourcesBuildPhase;
			buildActionMask = 2147483647;
			files = (
				8B74D0021E982BF6002ED3EB /* DataSource.swift in Sources */,
				8B74CFC91E98241A002ED3EB /* TableViewController.swift in Sources */,
				8B74CFFA1E982BEB002ED3EB /* Convertible.swift in Sources */,
				8B74CFF91E982BEB002ED3EB /* Convertible+JSON.swift in Sources */,
				8B74CFB71E9823D8002ED3EB /* AppDelegate.swift in Sources */,
				8B74D0031E982BF6002ED3EB /* Models.swift in Sources */,
			);
			runOnlyForDeploymentPostprocessing = 0;
		};
/* End PBXSourcesBuildPhase section */

/* Begin PBXVariantGroup section */
		8B74CFBA1E9823D8002ED3EB /* Main.storyboard */ = {
			isa = PBXVariantGroup;
			children = (
				8B74CFBB1E9823D8002ED3EB /* Base */,
			);
			name = Main.storyboard;
			sourceTree = "<group>";
		};
		8B74CFBF1E9823D8002ED3EB /* LaunchScreen.storyboard */ = {
			isa = PBXVariantGroup;
			children = (
				8B74CFC01E9823D8002ED3EB /* Base */,
			);
			name = LaunchScreen.storyboard;
			sourceTree = "<group>";
		};
/* End PBXVariantGroup section */

/* Begin XCBuildConfiguration section */
		8B74CFC31E9823D8002ED3EB /* Debug */ = {
			isa = XCBuildConfiguration;
			buildSettings = {
				ALWAYS_SEARCH_USER_PATHS = NO;
				CLANG_ANALYZER_NONNULL = YES;
				CLANG_ANALYZER_NUMBER_OBJECT_CONVERSION = YES_AGGRESSIVE;
				CLANG_CXX_LANGUAGE_STANDARD = "gnu++0x";
				CLANG_CXX_LIBRARY = "libc++";
				CLANG_ENABLE_MODULES = YES;
				CLANG_ENABLE_OBJC_ARC = YES;
				CLANG_WARN_BOOL_CONVERSION = YES;
				CLANG_WARN_CONSTANT_CONVERSION = YES;
				CLANG_WARN_DIRECT_OBJC_ISA_USAGE = YES_ERROR;
				CLANG_WARN_DOCUMENTATION_COMMENTS = YES;
				CLANG_WARN_EMPTY_BODY = YES;
				CLANG_WARN_ENUM_CONVERSION = YES;
				CLANG_WARN_INFINITE_RECURSION = YES;
				CLANG_WARN_INT_CONVERSION = YES;
				CLANG_WARN_OBJC_ROOT_CLASS = YES_ERROR;
				CLANG_WARN_SUSPICIOUS_MOVE = YES;
				CLANG_WARN_UNREACHABLE_CODE = YES;
				CLANG_WARN__DUPLICATE_METHOD_MATCH = YES;
				"CODE_SIGN_IDENTITY[sdk=iphoneos*]" = "iPhone Developer";
				COPY_PHASE_STRIP = NO;
				DEBUG_INFORMATION_FORMAT = dwarf;
				ENABLE_STRICT_OBJC_MSGSEND = YES;
				ENABLE_TESTABILITY = YES;
				GCC_C_LANGUAGE_STANDARD = gnu99;
				GCC_DYNAMIC_NO_PIC = NO;
				GCC_NO_COMMON_BLOCKS = YES;
				GCC_OPTIMIZATION_LEVEL = 0;
				GCC_PREPROCESSOR_DEFINITIONS = (
					"DEBUG=1",
					"$(inherited)",
				);
				GCC_WARN_64_TO_32_BIT_CONVERSION = YES;
				GCC_WARN_ABOUT_RETURN_TYPE = YES_ERROR;
				GCC_WARN_UNDECLARED_SELECTOR = YES;
				GCC_WARN_UNINITIALIZED_AUTOS = YES_AGGRESSIVE;
				GCC_WARN_UNUSED_FUNCTION = YES;
				GCC_WARN_UNUSED_VARIABLE = YES;
				IPHONEOS_DEPLOYMENT_TARGET = 10.3;
				MTL_ENABLE_DEBUG_INFO = YES;
				ONLY_ACTIVE_ARCH = YES;
				SDKROOT = iphoneos;
				SWIFT_ACTIVE_COMPILATION_CONDITIONS = DEBUG;
				SWIFT_OPTIMIZATION_LEVEL = "-Onone";
				TARGETED_DEVICE_FAMILY = "1,2";
			};
			name = Debug;
		};
		8B74CFC41E9823D8002ED3EB /* Release */ = {
			isa = XCBuildConfiguration;
			buildSettings = {
				ALWAYS_SEARCH_USER_PATHS = NO;
				CLANG_ANALYZER_NONNULL = YES;
				CLANG_ANALYZER_NUMBER_OBJECT_CONVERSION = YES_AGGRESSIVE;
				CLANG_CXX_LANGUAGE_STANDARD = "gnu++0x";
				CLANG_CXX_LIBRARY = "libc++";
				CLANG_ENABLE_MODULES = YES;
				CLANG_ENABLE_OBJC_ARC = YES;
				CLANG_WARN_BOOL_CONVERSION = YES;
				CLANG_WARN_CONSTANT_CONVERSION = YES;
				CLANG_WARN_DIRECT_OBJC_ISA_USAGE = YES_ERROR;
				CLANG_WARN_DOCUMENTATION_COMMENTS = YES;
				CLANG_WARN_EMPTY_BODY = YES;
				CLANG_WARN_ENUM_CONVERSION = YES;
				CLANG_WARN_INFINITE_RECURSION = YES;
				CLANG_WARN_INT_CONVERSION = YES;
				CLANG_WARN_OBJC_ROOT_CLASS = YES_ERROR;
				CLANG_WARN_SUSPICIOUS_MOVE = YES;
				CLANG_WARN_UNREACHABLE_CODE = YES;
				CLANG_WARN__DUPLICATE_METHOD_MATCH = YES;
				"CODE_SIGN_IDENTITY[sdk=iphoneos*]" = "iPhone Developer";
				COPY_PHASE_STRIP = NO;
				DEBUG_INFORMATION_FORMAT = "dwarf-with-dsym";
				ENABLE_NS_ASSERTIONS = NO;
				ENABLE_STRICT_OBJC_MSGSEND = YES;
				GCC_C_LANGUAGE_STANDARD = gnu99;
				GCC_NO_COMMON_BLOCKS = YES;
				GCC_WARN_64_TO_32_BIT_CONVERSION = YES;
				GCC_WARN_ABOUT_RETURN_TYPE = YES_ERROR;
				GCC_WARN_UNDECLARED_SELECTOR = YES;
				GCC_WARN_UNINITIALIZED_AUTOS = YES_AGGRESSIVE;
				GCC_WARN_UNUSED_FUNCTION = YES;
				GCC_WARN_UNUSED_VARIABLE = YES;
				IPHONEOS_DEPLOYMENT_TARGET = 10.3;
				MTL_ENABLE_DEBUG_INFO = NO;
				SDKROOT = iphoneos;
				SWIFT_OPTIMIZATION_LEVEL = "-Owholemodule";
				TARGETED_DEVICE_FAMILY = "1,2";
				VALIDATE_PRODUCT = YES;
			};
			name = Release;
		};
		8B74CFC61E9823D8002ED3EB /* Debug */ = {
			isa = XCBuildConfiguration;
			buildSettings = {
				ALWAYS_EMBED_SWIFT_STANDARD_LIBRARIES = YES;
				ASSETCATALOG_COMPILER_APPICON_NAME = AppIcon;
				DEVELOPMENT_TEAM = VL46Q749LJ;
				INFOPLIST_FILE = ConvertibleExample/Info.plist;
				LD_RUNPATH_SEARCH_PATHS = "$(inherited) @executable_path/Frameworks";
				PRODUCT_BUNDLE_IDENTIFIER = net.tadija.ConvertibleExample;
				PRODUCT_NAME = "$(TARGET_NAME)";
				SWIFT_VERSION = 3.0;
			};
			name = Debug;
		};
		8B74CFC71E9823D8002ED3EB /* Release */ = {
			isa = XCBuildConfiguration;
			buildSettings = {
				ALWAYS_EMBED_SWIFT_STANDARD_LIBRARIES = YES;
				ASSETCATALOG_COMPILER_APPICON_NAME = AppIcon;
				DEVELOPMENT_TEAM = VL46Q749LJ;
				INFOPLIST_FILE = ConvertibleExample/Info.plist;
				LD_RUNPATH_SEARCH_PATHS = "$(inherited) @executable_path/Frameworks";
				PRODUCT_BUNDLE_IDENTIFIER = net.tadija.ConvertibleExample;
				PRODUCT_NAME = "$(TARGET_NAME)";
				SWIFT_VERSION = 3.0;
			};
			name = Release;
		};
/* End XCBuildConfiguration section */

/* Begin XCConfigurationList section */
		8B74CFAE1E9823D8002ED3EB /* Build configuration list for PBXProject "ConvertibleExample" */ = {
			isa = XCConfigurationList;
			buildConfigurations = (
				8B74CFC31E9823D8002ED3EB /* Debug */,
				8B74CFC41E9823D8002ED3EB /* Release */,
			);
			defaultConfigurationIsVisible = 0;
			defaultConfigurationName = Release;
		};
		8B74CFC51E9823D8002ED3EB /* Build configuration list for PBXNativeTarget "ConvertibleExample" */ = {
			isa = XCConfigurationList;
			buildConfigurations = (
				8B74CFC61E9823D8002ED3EB /* Debug */,
				8B74CFC71E9823D8002ED3EB /* Release */,
			);
			defaultConfigurationIsVisible = 0;
			defaultConfigurationName = Release;
		};
/* End XCConfigurationList section */
	};
	rootObject = 8B74CFAB1E9823D8002ED3EB /* Project object */;
}
